<?xml version="1.0" encoding="utf-8"?>
<Project ToolsVersion="4.0" xmlns="http://schemas.microsoft.com/developer/msbuild/2003">
  <ItemGroup>
    <ClCompile Include="..\Common\Core.c">
      <Filter>Source Files</Filter>
    </ClCompile>
    <ClCompile Include="..\Common\guard.c">
      <Filter>Source Files</Filter>
    </ClCompile>
    <ClCompile Include="main.c">
      <Filter>Source Files</Filter>
    </ClCompile>
  </ItemGroup>
  <ItemGroup>
    <Filter Include="Source Files">
      <UniqueIdentifier>{b4209faf-f6d5-4314-b0bf-3cb5274b0339}</UniqueIdentifier>
    </Filter>
    <Filter Include="Header Files">
      <UniqueIdentifier>{52a0d0e2-788d-4977-b43b-143e0e60d630}</UniqueIdentifier>
    </Filter>
  </ItemGroup>
  <ItemGroup>
    <ClInclude Include="..\Common\Core.h">
      <Filter>Header Files</Filter>
    </ClInclude>
  </ItemGroup>
</Project>